{
  "object": {
    "pins": [
      {
        "package": "HTTPURLRequest",
        "repositoryURL": "https://github.com/HTTPURLRequest/HTTPURLRequest.git",
        "state": {
          "branch": null,
          "revision": "47541ce08df416759773a0183fc8abb174965dd8",
          "version": "0.0.1"
        }
      }
    ]
  },
  "version": 1
}
