{
  "object": {
    "pins": [
      {
        "package": "HTTPURLRequest",
        "repositoryURL": "https://github.com/HTTPURLRequest/HTTPURLRequest.git",
        "state": {
          "branch": null,
          "revision": "a9b4e476ae1c92a7672ddcb3c18f9f5cbe46ddd9",
          "version": "0.0.1"
        }
      }
    ]
  },
  "version": 1
}
