{
  "object": {
    "pins": [
      {
        "package": "HTTPURLRequest",
        "repositoryURL": "https://github.com/HTTPURLRequest/HTTPURLRequest.git",
        "state": {
          "branch": null,
          "revision": "a02a4c6ab601a3c790bd0d90632f644522f37fb1",
          "version": "0.0.1"
        }
      }
    ]
  },
  "version": 1
}
