// !$*UTF8*$!
{
	archiveVersion = 1;
	classes = {
	};
	objectVersion = 50;
	objects = {

/* Begin PBXBuildFile section */
		4E5014E4247316AC00A8DA1F /* LACDateInterval.swift in Sources */ = {isa = PBXBuildFile; fileRef = 4E5014E3247316AC00A8DA1F /* LACDateInterval.swift */; };
		4E5014E6247319F400A8DA1F /* TimeInterval.swift in Sources */ = {isa = PBXBuildFile; fileRef = 4E5014E5247319F400A8DA1F /* TimeInterval.swift */; };
		4E54C5F72477E54500AAF223 /* LACConfiguration.swift in Sources */ = {isa = PBXBuildFile; fileRef = 4E54C5F62477E54500AAF223 /* LACConfiguration.swift */; };
		4E54C5F92477F8DF00AAF223 /* Session.swift in Sources */ = {isa = PBXBuildFile; fileRef = 4E54C5F82477F8DF00AAF223 /* Session.swift */; };
		4E560CC8248795CC006A644A /* DispatchQueue.swift in Sources */ = {isa = PBXBuildFile; fileRef = 4E560CC7248795CC006A644A /* DispatchQueue.swift */; };
		4E560CCA2487B3A8006A644A /* HTTPURLResponse.swift in Sources */ = {isa = PBXBuildFile; fileRef = 4E560CC92487B3A8006A644A /* HTTPURLResponse.swift */; };
		4E560CCC2487BE0D006A644A /* SessionExample.swift in Sources */ = {isa = PBXBuildFile; fileRef = 4E560CCB2487BE0D006A644A /* SessionExample.swift */; };
		4E560CCF2487C346006A644A /* ChannelExample.swift in Sources */ = {isa = PBXBuildFile; fileRef = 4E560CCE2487C346006A644A /* ChannelExample.swift */; };
		4E560CD12487E596006A644A /* BroadcastExample.swift in Sources */ = {isa = PBXBuildFile; fileRef = 4E560CD02487E596006A644A /* BroadcastExample.swift */; };
		4E5643682472CB7D00CDD18F /* CharacterSet.swift in Sources */ = {isa = PBXBuildFile; fileRef = 4E5643672472CB7D00CDD18F /* CharacterSet.swift */; };
		4E56436A2472D41900CDD18F /* RFC3339Date.swift in Sources */ = {isa = PBXBuildFile; fileRef = 4E5643692472D41900CDD18F /* RFC3339Date.swift */; };
		4E56436C2472D4EA00CDD18F /* Date.swift in Sources */ = {isa = PBXBuildFile; fileRef = 4E56436B2472D4EA00CDD18F /* Date.swift */; };
		4E56436E2472EF7D00CDD18F /* TimeZone.swift in Sources */ = {isa = PBXBuildFile; fileRef = 4E56436D2472EF7D00CDD18F /* TimeZone.swift */; };
		4E5643702472F32B00CDD18F /* Int.swift in Sources */ = {isa = PBXBuildFile; fileRef = 4E56436F2472F32B00CDD18F /* Int.swift */; };
		4E579580246AE3D20009D306 /* LimeAPIClient.framework in Frameworks */ = {isa = PBXBuildFile; fileRef = 4E579576246AE3D20009D306 /* LimeAPIClient.framework */; };
		4E579585246AE3D20009D306 /* LimeAPIClientTests.swift in Sources */ = {isa = PBXBuildFile; fileRef = 4E579584246AE3D20009D306 /* LimeAPIClientTests.swift */; };
		4E579587246AE3D20009D306 /* LimeAPIClient.h in Headers */ = {isa = PBXBuildFile; fileRef = 4E579579246AE3D20009D306 /* LimeAPIClient.h */; settings = {ATTRIBUTES = (Public, ); }; };
		4E579597246AE6180009D306 /* AppDelegate.swift in Sources */ = {isa = PBXBuildFile; fileRef = 4E579596246AE6180009D306 /* AppDelegate.swift */; };
		4E57959E246AE6180009D306 /* Main.storyboard in Resources */ = {isa = PBXBuildFile; fileRef = 4E57959C246AE6180009D306 /* Main.storyboard */; };
		4E5795A0246AE61C0009D306 /* Assets.xcassets in Resources */ = {isa = PBXBuildFile; fileRef = 4E57959F246AE61C0009D306 /* Assets.xcassets */; };
		4E5795A3246AE61C0009D306 /* LaunchScreen.storyboard in Resources */ = {isa = PBXBuildFile; fileRef = 4E5795A1246AE61C0009D306 /* LaunchScreen.storyboard */; };
		4E5913CE247560CA009BAAA1 /* Broadcast.swift in Sources */ = {isa = PBXBuildFile; fileRef = 4E5913CD247560CA009BAAA1 /* Broadcast.swift */; };
		4E59F2DC247700B800F3456F /* LACAppTests.swift in Sources */ = {isa = PBXBuildFile; fileRef = 4E59F2DB247700B800F3456F /* LACAppTests.swift */; };
		4E5A27E424A0CE3500128AD9 /* UIImage.swift in Sources */ = {isa = PBXBuildFile; fileRef = 4E5A27E324A0CE3500128AD9 /* UIImage.swift */; };
		4E5A27E624A0D5C900128AD9 /* LACImageTests.swift in Sources */ = {isa = PBXBuildFile; fileRef = 4E5A27E524A0D5C900128AD9 /* LACImageTests.swift */; };
		4E5A27E824A0D6D600128AD9 /* LACPlaylistTests.swift in Sources */ = {isa = PBXBuildFile; fileRef = 4E5A27E724A0D6D600128AD9 /* LACPlaylistTests.swift */; };
		4E5B0C8A247BB80600DDE6BA /* LimeAPIClient.framework in Frameworks */ = {isa = PBXBuildFile; fileRef = 4E579576246AE3D20009D306 /* LimeAPIClient.framework */; };
		4E5B0C8B247BB80600DDE6BA /* LimeAPIClient.framework in Embed Frameworks */ = {isa = PBXBuildFile; fileRef = 4E579576246AE3D20009D306 /* LimeAPIClient.framework */; settings = {ATTRIBUTES = (CodeSignOnCopy, RemoveHeadersOnCopy, ); }; };
		4E5B0C8E247BC0B300DDE6BA /* URLComponents.swift in Sources */ = {isa = PBXBuildFile; fileRef = 4E5B0C8D247BC0B300DDE6BA /* URLComponents.swift */; };
		4E5B0C90247BD81B00DDE6BA /* URL.swift in Sources */ = {isa = PBXBuildFile; fileRef = 4E5B0C8F247BD81B00DDE6BA /* URL.swift */; };
		4E5B0C92247BDB6500DDE6BA /* Dictionary.swift in Sources */ = {isa = PBXBuildFile; fileRef = 4E5B0C91247BDB6500DDE6BA /* Dictionary.swift */; };
		4E5B0C97247C07E400DDE6BA /* StringTests.swift in Sources */ = {isa = PBXBuildFile; fileRef = 4E5B0C96247C07E400DDE6BA /* StringTests.swift */; };
		4E5CDDED247E463E00F0F55F /* ResultTableViewController.swift in Sources */ = {isa = PBXBuildFile; fileRef = 4E5CDDEC247E463E00F0F55F /* ResultTableViewController.swift */; };
		4E5CDDEF247E4C6B00F0F55F /* UITableView.swift in Sources */ = {isa = PBXBuildFile; fileRef = 4E5CDDEE247E4C6B00F0F55F /* UITableView.swift */; };
		4E5CDDF1247E4D0E00F0F55F /* UINavigationItem.swift in Sources */ = {isa = PBXBuildFile; fileRef = 4E5CDDF0247E4D0E00F0F55F /* UINavigationItem.swift */; };
		4E5CDDF3247E58D600F0F55F /* SubtitleCell.swift in Sources */ = {isa = PBXBuildFile; fileRef = 4E5CDDF2247E58D600F0F55F /* SubtitleCell.swift */; };
		4E5CDDF5247E899600F0F55F /* Bool.swift in Sources */ = {isa = PBXBuildFile; fileRef = 4E5CDDF4247E899600F0F55F /* Bool.swift */; };
		4E5CDDF7247E8A8200F0F55F /* Array.swift in Sources */ = {isa = PBXBuildFile; fileRef = 4E5CDDF6247E8A8200F0F55F /* Array.swift */; };
		4E5CDDF9247E968100F0F55F /* ParameterCell.swift in Sources */ = {isa = PBXBuildFile; fileRef = 4E5CDDF8247E968100F0F55F /* ParameterCell.swift */; };
		4E5CDDFB247E9C5900F0F55F /* ParameterCell.xib in Resources */ = {isa = PBXBuildFile; fileRef = 4E5CDDFA247E9C5900F0F55F /* ParameterCell.xib */; };
		4E5CDDFE247EA95100F0F55F /* UIViewController.swift in Sources */ = {isa = PBXBuildFile; fileRef = 4E5CDDFD247EA95100F0F55F /* UIViewController.swift */; };
		4E607C4D248E205900F9BEB7 /* JSONAPIErrorTests.swift in Sources */ = {isa = PBXBuildFile; fileRef = 4E607C4C248E205900F9BEB7 /* JSONAPIErrorTests.swift */; };
		4E68A3FD246BDA6000D332BD /* LimeAPIClient.swift in Sources */ = {isa = PBXBuildFile; fileRef = 4E68A3FC246BDA6000D332BD /* LimeAPIClient.swift */; };
		4E68A421246C27CF00D332BD /* HTTPClient.swift in Sources */ = {isa = PBXBuildFile; fileRef = 4E68A420246C27CF00D332BD /* HTTPClient.swift */; };
		4E6D91C4246D111900BB7C69 /* HTTPURLResponse.swift in Sources */ = {isa = PBXBuildFile; fileRef = 4E6D91C3246D111900BB7C69 /* HTTPURLResponse.swift */; };
		4E6D91C6246D162700BB7C69 /* HTTPClientTests.swift in Sources */ = {isa = PBXBuildFile; fileRef = 4E6D91C5246D162700BB7C69 /* HTTPClientTests.swift */; };
		4E6D91C8246D772D00BB7C69 /* EndPoint.swift in Sources */ = {isa = PBXBuildFile; fileRef = 4E6D91C7246D772D00BB7C69 /* EndPoint.swift */; };
		4E6D91CA246D786800BB7C69 /* HTTP.swift in Sources */ = {isa = PBXBuildFile; fileRef = 4E6D91C9246D786800BB7C69 /* HTTP.swift */; };
		4E6D91CF246D7E5200BB7C69 /* URLRequest.swift in Sources */ = {isa = PBXBuildFile; fileRef = 4E6D91CE246D7E5200BB7C69 /* URLRequest.swift */; };
		4E6D91D1246D846F00BB7C69 /* String.swift in Sources */ = {isa = PBXBuildFile; fileRef = 4E6D91D0246D846F00BB7C69 /* String.swift */; };
		4E6D91D3246D84A000BB7C69 /* Character.swift in Sources */ = {isa = PBXBuildFile; fileRef = 4E6D91D2246D84A000BB7C69 /* Character.swift */; };
		4E75B1BB246E67150061E143 /* Device.swift in Sources */ = {isa = PBXBuildFile; fileRef = 4E75B1BA246E67150061E143 /* Device.swift */; };
		4E75B1BD246E67AD0061E143 /* LACApp.swift in Sources */ = {isa = PBXBuildFile; fileRef = 4E75B1BC246E67AD0061E143 /* LACApp.swift */; };
		4E75B1BF246E77300061E143 /* LACSettings.swift in Sources */ = {isa = PBXBuildFile; fileRef = 4E75B1BE246E77300061E143 /* LACSettings.swift */; };
		4E75B1C1246EB9870061E143 /* JSONParser.swift in Sources */ = {isa = PBXBuildFile; fileRef = 4E75B1C0246EB9870061E143 /* JSONParser.swift */; };
		4E75B1C3246EBADC0061E143 /* JSONAPIObject.swift in Sources */ = {isa = PBXBuildFile; fileRef = 4E75B1C2246EBADC0061E143 /* JSONAPIObject.swift */; };
		4E75B1C5246EBBE60061E143 /* Channel.swift in Sources */ = {isa = PBXBuildFile; fileRef = 4E75B1C4246EBBE60061E143 /* Channel.swift */; };
		4E81FEE6249A3A930061F7FB /* UIImage.swift in Sources */ = {isa = PBXBuildFile; fileRef = 4E81FEE5249A3A930061F7FB /* UIImage.swift */; };
		4E81FEE8249A52860061F7FB /* LACStream.swift in Sources */ = {isa = PBXBuildFile; fileRef = 4E81FEE7249A52860061F7FB /* LACStream.swift */; };
		4E835BED2473D50700C8DD96 /* Ping.swift in Sources */ = {isa = PBXBuildFile; fileRef = 4E835BEC2473D50700C8DD96 /* Ping.swift */; };
		4E835BEF2473EFE300C8DD96 /* JSONAPIError.swift in Sources */ = {isa = PBXBuildFile; fileRef = 4E835BEE2473EFE300C8DD96 /* JSONAPIError.swift */; };
		4E835BF32474179F00C8DD96 /* JSONParserTests.swift in Sources */ = {isa = PBXBuildFile; fileRef = 4E835BF22474179F00C8DD96 /* JSONParserTests.swift */; };
		4E835E46248F72FB0011E0E0 /* LACConfigurationTests.swift in Sources */ = {isa = PBXBuildFile; fileRef = 4E835E45248F72FB0011E0E0 /* LACConfigurationTests.swift */; };
		4E835E49248F99EE0011E0E0 /* LACBroadcastsTests.swift in Sources */ = {isa = PBXBuildFile; fileRef = 4E835E48248F99EE0011E0E0 /* LACBroadcastsTests.swift */; };
		4E8CD1BE24865EBF00648E24 /* HTTPTests.swift in Sources */ = {isa = PBXBuildFile; fileRef = 4E8CD1BD24865EBF00648E24 /* HTTPTests.swift */; };
		4E8CD1C0248661FA00648E24 /* URLRequestTests.swift in Sources */ = {isa = PBXBuildFile; fileRef = 4E8CD1BF248661FA00648E24 /* URLRequestTests.swift */; };
		4E8CD1C22486680C00648E24 /* URLTests.swift in Sources */ = {isa = PBXBuildFile; fileRef = 4E8CD1C12486680C00648E24 /* URLTests.swift */; };
		4E8CD1C424866C5200648E24 /* EndPointTests.swift in Sources */ = {isa = PBXBuildFile; fileRef = 4E8CD1C324866C5200648E24 /* EndPointTests.swift */; };
		4E8CD1C62486771C00648E24 /* IntTests.swift in Sources */ = {isa = PBXBuildFile; fileRef = 4E8CD1C52486771C00648E24 /* IntTests.swift */; };
		4E8CD1C8248679FB00648E24 /* DateTests.swift in Sources */ = {isa = PBXBuildFile; fileRef = 4E8CD1C7248679FB00648E24 /* DateTests.swift */; };
		4E8CD1CA24867BEA00648E24 /* RFC3339DateFormatterTests.swift in Sources */ = {isa = PBXBuildFile; fileRef = 4E8CD1C924867BEA00648E24 /* RFC3339DateFormatterTests.swift */; };
		4E8CD1CC24867F7300648E24 /* LACDateIntervalTests.swift in Sources */ = {isa = PBXBuildFile; fileRef = 4E8CD1CB24867F7300648E24 /* LACDateIntervalTests.swift */; };
		4E8CD1CE248682D600648E24 /* TimeIntervalTests.swift in Sources */ = {isa = PBXBuildFile; fileRef = 4E8CD1CD248682D600648E24 /* TimeIntervalTests.swift */; };
		4E8CD1D02486843B00648E24 /* TimeZoneTests.swift in Sources */ = {isa = PBXBuildFile; fileRef = 4E8CD1CF2486843B00648E24 /* TimeZoneTests.swift */; };
		4E91926F2488D23B00974C02 /* PingExample.swift in Sources */ = {isa = PBXBuildFile; fileRef = 4E91926E2488D23B00974C02 /* PingExample.swift */; };
		4E9192712488D4FC00974C02 /* BannerExample.swift in Sources */ = {isa = PBXBuildFile; fileRef = 4E9192702488D4FC00974C02 /* BannerExample.swift */; };
		4E9192732488DC4C00974C02 /* DispatchQueueTests.swift in Sources */ = {isa = PBXBuildFile; fileRef = 4E9192722488DC4C00974C02 /* DispatchQueueTests.swift */; };
		4E9192752488E66800974C02 /* LACBannersTests.swift in Sources */ = {isa = PBXBuildFile; fileRef = 4E9192742488E66800974C02 /* LACBannersTests.swift */; };
		4E9192772488E88300974C02 /* LACChannelsTests.swift in Sources */ = {isa = PBXBuildFile; fileRef = 4E9192762488E88300974C02 /* LACChannelsTests.swift */; };
		4E91927B248927BD00974C02 /* UIApplication.swift in Sources */ = {isa = PBXBuildFile; fileRef = 4E91927A248927BD00974C02 /* UIApplication.swift */; };
		4EBFF41A2484DCD10096FFCF /* APIRequest.swift in Sources */ = {isa = PBXBuildFile; fileRef = 4EBFF4192484DCD10096FFCF /* APIRequest.swift */; };
		4EBFF41C2484E1960096FFCF /* ColorTheme.swift in Sources */ = {isa = PBXBuildFile; fileRef = 4EBFF41B2484E1960096FFCF /* ColorTheme.swift */; };
		4EBFF41E248511A20096FFCF /* Banner.swift in Sources */ = {isa = PBXBuildFile; fileRef = 4EBFF41D248511A20096FFCF /* Banner.swift */; };
		4ECFB095247D0F8400727244 /* UIView.swift in Sources */ = {isa = PBXBuildFile; fileRef = 4ECFB094247D0F8400727244 /* UIView.swift */; };
		4ECFB09C247D4AAA00727244 /* UIAlertController.swift in Sources */ = {isa = PBXBuildFile; fileRef = 4ECFB09B247D4AAA00727244 /* UIAlertController.swift */; };
		4ECFB09F247D59AE00727244 /* APITableViewController.swift in Sources */ = {isa = PBXBuildFile; fileRef = 4ECFB09E247D59AE00727244 /* APITableViewController.swift */; };
		4EE6717A249B7FDC001C7B22 /* PlaylistTableViewController.swift in Sources */ = {isa = PBXBuildFile; fileRef = 4EE67179249B7FDC001C7B22 /* PlaylistTableViewController.swift */; };
		4EFC6E4C2476B49A009D6CF7 /* JSONAPIErrorExample.swift in Sources */ = {isa = PBXBuildFile; fileRef = 4EFC6E4B2476B49A009D6CF7 /* JSONAPIErrorExample.swift */; };
/* End PBXBuildFile section */

/* Begin PBXContainerItemProxy section */
		4E579581246AE3D20009D306 /* PBXContainerItemProxy */ = {
			isa = PBXContainerItemProxy;
			containerPortal = 4E57956D246AE3D20009D306 /* Project object */;
			proxyType = 1;
			remoteGlobalIDString = 4E579575246AE3D20009D306;
			remoteInfo = LimeAPIClient;
		};
/* End PBXContainerItemProxy section */

/* Begin PBXCopyFilesBuildPhase section */
		4E5B0C8C247BB80600DDE6BA /* Embed Frameworks */ = {
			isa = PBXCopyFilesBuildPhase;
			buildActionMask = 2147483647;
			dstPath = "";
			dstSubfolderSpec = 10;
			files = (
				4E5B0C8B247BB80600DDE6BA /* LimeAPIClient.framework in Embed Frameworks */,
			);
			name = "Embed Frameworks";
			runOnlyForDeploymentPostprocessing = 0;
		};
/* End PBXCopyFilesBuildPhase section */

/* Begin PBXFileReference section */
		4E5014E3247316AC00A8DA1F /* LACDateInterval.swift */ = {isa = PBXFileReference; lastKnownFileType = sourcecode.swift; path = LACDateInterval.swift; sourceTree = "<group>"; };
		4E5014E5247319F400A8DA1F /* TimeInterval.swift */ = {isa = PBXFileReference; lastKnownFileType = sourcecode.swift; path = TimeInterval.swift; sourceTree = "<group>"; };
		4E54C5F62477E54500AAF223 /* LACConfiguration.swift */ = {isa = PBXFileReference; lastKnownFileType = sourcecode.swift; path = LACConfiguration.swift; sourceTree = "<group>"; };
		4E54C5F82477F8DF00AAF223 /* Session.swift */ = {isa = PBXFileReference; lastKnownFileType = sourcecode.swift; path = Session.swift; sourceTree = "<group>"; };
		4E560CC7248795CC006A644A /* DispatchQueue.swift */ = {isa = PBXFileReference; lastKnownFileType = sourcecode.swift; path = DispatchQueue.swift; sourceTree = "<group>"; };
		4E560CC92487B3A8006A644A /* HTTPURLResponse.swift */ = {isa = PBXFileReference; lastKnownFileType = sourcecode.swift; path = HTTPURLResponse.swift; sourceTree = "<group>"; };
		4E560CCB2487BE0D006A644A /* SessionExample.swift */ = {isa = PBXFileReference; lastKnownFileType = sourcecode.swift; path = SessionExample.swift; sourceTree = "<group>"; };
		4E560CCE2487C346006A644A /* ChannelExample.swift */ = {isa = PBXFileReference; lastKnownFileType = sourcecode.swift; path = ChannelExample.swift; sourceTree = "<group>"; };
		4E560CD02487E596006A644A /* BroadcastExample.swift */ = {isa = PBXFileReference; lastKnownFileType = sourcecode.swift; path = BroadcastExample.swift; sourceTree = "<group>"; };
		4E5643672472CB7D00CDD18F /* CharacterSet.swift */ = {isa = PBXFileReference; lastKnownFileType = sourcecode.swift; path = CharacterSet.swift; sourceTree = "<group>"; };
		4E5643692472D41900CDD18F /* RFC3339Date.swift */ = {isa = PBXFileReference; lastKnownFileType = sourcecode.swift; path = RFC3339Date.swift; sourceTree = "<group>"; };
		4E56436B2472D4EA00CDD18F /* Date.swift */ = {isa = PBXFileReference; lastKnownFileType = sourcecode.swift; path = Date.swift; sourceTree = "<group>"; };
		4E56436D2472EF7D00CDD18F /* TimeZone.swift */ = {isa = PBXFileReference; lastKnownFileType = sourcecode.swift; path = TimeZone.swift; sourceTree = "<group>"; };
		4E56436F2472F32B00CDD18F /* Int.swift */ = {isa = PBXFileReference; lastKnownFileType = sourcecode.swift; path = Int.swift; sourceTree = "<group>"; };
		4E579576246AE3D20009D306 /* LimeAPIClient.framework */ = {isa = PBXFileReference; explicitFileType = wrapper.framework; includeInIndex = 0; path = LimeAPIClient.framework; sourceTree = BUILT_PRODUCTS_DIR; };
		4E579579246AE3D20009D306 /* LimeAPIClient.h */ = {isa = PBXFileReference; lastKnownFileType = sourcecode.c.h; path = LimeAPIClient.h; sourceTree = "<group>"; };
		4E57957A246AE3D20009D306 /* Info.plist */ = {isa = PBXFileReference; lastKnownFileType = text.plist.xml; path = Info.plist; sourceTree = "<group>"; };
		4E57957F246AE3D20009D306 /* LimeAPIClientTests.xctest */ = {isa = PBXFileReference; explicitFileType = wrapper.cfbundle; includeInIndex = 0; path = LimeAPIClientTests.xctest; sourceTree = BUILT_PRODUCTS_DIR; };
		4E579584246AE3D20009D306 /* LimeAPIClientTests.swift */ = {isa = PBXFileReference; lastKnownFileType = sourcecode.swift; path = LimeAPIClientTests.swift; sourceTree = "<group>"; };
		4E579586246AE3D20009D306 /* Info.plist */ = {isa = PBXFileReference; lastKnownFileType = text.plist.xml; path = Info.plist; sourceTree = "<group>"; };
		4E579594246AE6180009D306 /* LimeAPIClientExamples.app */ = {isa = PBXFileReference; explicitFileType = wrapper.application; includeInIndex = 0; path = LimeAPIClientExamples.app; sourceTree = BUILT_PRODUCTS_DIR; };
		4E579596246AE6180009D306 /* AppDelegate.swift */ = {isa = PBXFileReference; lastKnownFileType = sourcecode.swift; path = AppDelegate.swift; sourceTree = "<group>"; };
		4E57959D246AE6180009D306 /* Base */ = {isa = PBXFileReference; lastKnownFileType = file.storyboard; name = Base; path = Base.lproj/Main.storyboard; sourceTree = "<group>"; };
		4E57959F246AE61C0009D306 /* Assets.xcassets */ = {isa = PBXFileReference; lastKnownFileType = folder.assetcatalog; path = Assets.xcassets; sourceTree = "<group>"; };
		4E5795A2246AE61C0009D306 /* Base */ = {isa = PBXFileReference; lastKnownFileType = file.storyboard; name = Base; path = Base.lproj/LaunchScreen.storyboard; sourceTree = "<group>"; };
		4E5795A4246AE61C0009D306 /* Info.plist */ = {isa = PBXFileReference; lastKnownFileType = text.plist.xml; path = Info.plist; sourceTree = "<group>"; };
		4E5913CD247560CA009BAAA1 /* Broadcast.swift */ = {isa = PBXFileReference; lastKnownFileType = sourcecode.swift; path = Broadcast.swift; sourceTree = "<group>"; };
		4E59F2DB247700B800F3456F /* LACAppTests.swift */ = {isa = PBXFileReference; lastKnownFileType = sourcecode.swift; path = LACAppTests.swift; sourceTree = "<group>"; };
		4E5A27E324A0CE3500128AD9 /* UIImage.swift */ = {isa = PBXFileReference; lastKnownFileType = sourcecode.swift; path = UIImage.swift; sourceTree = "<group>"; };
		4E5A27E524A0D5C900128AD9 /* LACImageTests.swift */ = {isa = PBXFileReference; lastKnownFileType = sourcecode.swift; path = LACImageTests.swift; sourceTree = "<group>"; };
		4E5A27E724A0D6D600128AD9 /* LACPlaylistTests.swift */ = {isa = PBXFileReference; lastKnownFileType = sourcecode.swift; path = LACPlaylistTests.swift; sourceTree = "<group>"; };
		4E5B0C8D247BC0B300DDE6BA /* URLComponents.swift */ = {isa = PBXFileReference; lastKnownFileType = sourcecode.swift; path = URLComponents.swift; sourceTree = "<group>"; };
		4E5B0C8F247BD81B00DDE6BA /* URL.swift */ = {isa = PBXFileReference; lastKnownFileType = sourcecode.swift; path = URL.swift; sourceTree = "<group>"; };
		4E5B0C91247BDB6500DDE6BA /* Dictionary.swift */ = {isa = PBXFileReference; lastKnownFileType = sourcecode.swift; path = Dictionary.swift; sourceTree = "<group>"; };
		4E5B0C96247C07E400DDE6BA /* StringTests.swift */ = {isa = PBXFileReference; lastKnownFileType = sourcecode.swift; path = StringTests.swift; sourceTree = "<group>"; };
		4E5CDDEC247E463E00F0F55F /* ResultTableViewController.swift */ = {isa = PBXFileReference; lastKnownFileType = sourcecode.swift; path = ResultTableViewController.swift; sourceTree = "<group>"; };
		4E5CDDEE247E4C6B00F0F55F /* UITableView.swift */ = {isa = PBXFileReference; lastKnownFileType = sourcecode.swift; path = UITableView.swift; sourceTree = "<group>"; };
		4E5CDDF0247E4D0E00F0F55F /* UINavigationItem.swift */ = {isa = PBXFileReference; lastKnownFileType = sourcecode.swift; path = UINavigationItem.swift; sourceTree = "<group>"; };
		4E5CDDF2247E58D600F0F55F /* SubtitleCell.swift */ = {isa = PBXFileReference; lastKnownFileType = sourcecode.swift; path = SubtitleCell.swift; sourceTree = "<group>"; };
		4E5CDDF4247E899600F0F55F /* Bool.swift */ = {isa = PBXFileReference; lastKnownFileType = sourcecode.swift; path = Bool.swift; sourceTree = "<group>"; };
		4E5CDDF6247E8A8200F0F55F /* Array.swift */ = {isa = PBXFileReference; lastKnownFileType = sourcecode.swift; path = Array.swift; sourceTree = "<group>"; };
		4E5CDDF8247E968100F0F55F /* ParameterCell.swift */ = {isa = PBXFileReference; lastKnownFileType = sourcecode.swift; path = ParameterCell.swift; sourceTree = "<group>"; };
		4E5CDDFA247E9C5900F0F55F /* ParameterCell.xib */ = {isa = PBXFileReference; lastKnownFileType = file.xib; path = ParameterCell.xib; sourceTree = "<group>"; };
		4E5CDDFD247EA95100F0F55F /* UIViewController.swift */ = {isa = PBXFileReference; lastKnownFileType = sourcecode.swift; path = UIViewController.swift; sourceTree = "<group>"; };
		4E607C4C248E205900F9BEB7 /* JSONAPIErrorTests.swift */ = {isa = PBXFileReference; lastKnownFileType = sourcecode.swift; path = JSONAPIErrorTests.swift; sourceTree = "<group>"; };
		4E68A3FC246BDA6000D332BD /* LimeAPIClient.swift */ = {isa = PBXFileReference; lastKnownFileType = sourcecode.swift; path = LimeAPIClient.swift; sourceTree = "<group>"; };
		4E68A420246C27CF00D332BD /* HTTPClient.swift */ = {isa = PBXFileReference; lastKnownFileType = sourcecode.swift; path = HTTPClient.swift; sourceTree = "<group>"; };
		4E6D91C3246D111900BB7C69 /* HTTPURLResponse.swift */ = {isa = PBXFileReference; lastKnownFileType = sourcecode.swift; path = HTTPURLResponse.swift; sourceTree = "<group>"; };
		4E6D91C5246D162700BB7C69 /* HTTPClientTests.swift */ = {isa = PBXFileReference; lastKnownFileType = sourcecode.swift; path = HTTPClientTests.swift; sourceTree = "<group>"; };
		4E6D91C7246D772D00BB7C69 /* EndPoint.swift */ = {isa = PBXFileReference; lastKnownFileType = sourcecode.swift; path = EndPoint.swift; sourceTree = "<group>"; };
		4E6D91C9246D786800BB7C69 /* HTTP.swift */ = {isa = PBXFileReference; lastKnownFileType = sourcecode.swift; path = HTTP.swift; sourceTree = "<group>"; };
		4E6D91CE246D7E5200BB7C69 /* URLRequest.swift */ = {isa = PBXFileReference; lastKnownFileType = sourcecode.swift; path = URLRequest.swift; sourceTree = "<group>"; };
		4E6D91D0246D846F00BB7C69 /* String.swift */ = {isa = PBXFileReference; lastKnownFileType = sourcecode.swift; path = String.swift; sourceTree = "<group>"; };
		4E6D91D2246D84A000BB7C69 /* Character.swift */ = {isa = PBXFileReference; lastKnownFileType = sourcecode.swift; path = Character.swift; sourceTree = "<group>"; };
		4E75B1BA246E67150061E143 /* Device.swift */ = {isa = PBXFileReference; lastKnownFileType = sourcecode.swift; path = Device.swift; sourceTree = "<group>"; };
		4E75B1BC246E67AD0061E143 /* LACApp.swift */ = {isa = PBXFileReference; lastKnownFileType = sourcecode.swift; path = LACApp.swift; sourceTree = "<group>"; };
		4E75B1BE246E77300061E143 /* LACSettings.swift */ = {isa = PBXFileReference; lastKnownFileType = sourcecode.swift; path = LACSettings.swift; sourceTree = "<group>"; };
		4E75B1C0246EB9870061E143 /* JSONParser.swift */ = {isa = PBXFileReference; lastKnownFileType = sourcecode.swift; path = JSONParser.swift; sourceTree = "<group>"; };
		4E75B1C2246EBADC0061E143 /* JSONAPIObject.swift */ = {isa = PBXFileReference; lastKnownFileType = sourcecode.swift; path = JSONAPIObject.swift; sourceTree = "<group>"; };
		4E75B1C4246EBBE60061E143 /* Channel.swift */ = {isa = PBXFileReference; lastKnownFileType = sourcecode.swift; path = Channel.swift; sourceTree = "<group>"; };
		4E81FEE5249A3A930061F7FB /* UIImage.swift */ = {isa = PBXFileReference; lastKnownFileType = sourcecode.swift; path = UIImage.swift; sourceTree = "<group>"; };
		4E81FEE7249A52860061F7FB /* LACStream.swift */ = {isa = PBXFileReference; lastKnownFileType = sourcecode.swift; path = LACStream.swift; sourceTree = "<group>"; };
		4E835BEC2473D50700C8DD96 /* Ping.swift */ = {isa = PBXFileReference; lastKnownFileType = sourcecode.swift; path = Ping.swift; sourceTree = "<group>"; };
		4E835BEE2473EFE300C8DD96 /* JSONAPIError.swift */ = {isa = PBXFileReference; lastKnownFileType = sourcecode.swift; path = JSONAPIError.swift; sourceTree = "<group>"; };
		4E835BF22474179F00C8DD96 /* JSONParserTests.swift */ = {isa = PBXFileReference; lastKnownFileType = sourcecode.swift; path = JSONParserTests.swift; sourceTree = "<group>"; };
		4E835E45248F72FB0011E0E0 /* LACConfigurationTests.swift */ = {isa = PBXFileReference; lastKnownFileType = sourcecode.swift; path = LACConfigurationTests.swift; sourceTree = "<group>"; };
		4E835E48248F99EE0011E0E0 /* LACBroadcastsTests.swift */ = {isa = PBXFileReference; lastKnownFileType = sourcecode.swift; path = LACBroadcastsTests.swift; sourceTree = "<group>"; };
		4E8CD1BD24865EBF00648E24 /* HTTPTests.swift */ = {isa = PBXFileReference; lastKnownFileType = sourcecode.swift; path = HTTPTests.swift; sourceTree = "<group>"; };
		4E8CD1BF248661FA00648E24 /* URLRequestTests.swift */ = {isa = PBXFileReference; lastKnownFileType = sourcecode.swift; path = URLRequestTests.swift; sourceTree = "<group>"; };
		4E8CD1C12486680C00648E24 /* URLTests.swift */ = {isa = PBXFileReference; lastKnownFileType = sourcecode.swift; path = URLTests.swift; sourceTree = "<group>"; };
		4E8CD1C324866C5200648E24 /* EndPointTests.swift */ = {isa = PBXFileReference; lastKnownFileType = sourcecode.swift; path = EndPointTests.swift; sourceTree = "<group>"; };
		4E8CD1C52486771C00648E24 /* IntTests.swift */ = {isa = PBXFileReference; lastKnownFileType = sourcecode.swift; path = IntTests.swift; sourceTree = "<group>"; };
		4E8CD1C7248679FB00648E24 /* DateTests.swift */ = {isa = PBXFileReference; lastKnownFileType = sourcecode.swift; path = DateTests.swift; sourceTree = "<group>"; };
		4E8CD1C924867BEA00648E24 /* RFC3339DateFormatterTests.swift */ = {isa = PBXFileReference; lastKnownFileType = sourcecode.swift; path = RFC3339DateFormatterTests.swift; sourceTree = "<group>"; };
		4E8CD1CB24867F7300648E24 /* LACDateIntervalTests.swift */ = {isa = PBXFileReference; lastKnownFileType = sourcecode.swift; path = LACDateIntervalTests.swift; sourceTree = "<group>"; };
		4E8CD1CD248682D600648E24 /* TimeIntervalTests.swift */ = {isa = PBXFileReference; lastKnownFileType = sourcecode.swift; path = TimeIntervalTests.swift; sourceTree = "<group>"; };
		4E8CD1CF2486843B00648E24 /* TimeZoneTests.swift */ = {isa = PBXFileReference; lastKnownFileType = sourcecode.swift; path = TimeZoneTests.swift; sourceTree = "<group>"; };
		4E91926E2488D23B00974C02 /* PingExample.swift */ = {isa = PBXFileReference; lastKnownFileType = sourcecode.swift; path = PingExample.swift; sourceTree = "<group>"; };
		4E9192702488D4FC00974C02 /* BannerExample.swift */ = {isa = PBXFileReference; lastKnownFileType = sourcecode.swift; path = BannerExample.swift; sourceTree = "<group>"; };
		4E9192722488DC4C00974C02 /* DispatchQueueTests.swift */ = {isa = PBXFileReference; lastKnownFileType = sourcecode.swift; path = DispatchQueueTests.swift; sourceTree = "<group>"; };
		4E9192742488E66800974C02 /* LACBannersTests.swift */ = {isa = PBXFileReference; lastKnownFileType = sourcecode.swift; path = LACBannersTests.swift; sourceTree = "<group>"; };
		4E9192762488E88300974C02 /* LACChannelsTests.swift */ = {isa = PBXFileReference; lastKnownFileType = sourcecode.swift; path = LACChannelsTests.swift; sourceTree = "<group>"; };
		4E91927A248927BD00974C02 /* UIApplication.swift */ = {isa = PBXFileReference; lastKnownFileType = sourcecode.swift; path = UIApplication.swift; sourceTree = "<group>"; };
		4EBFF4192484DCD10096FFCF /* APIRequest.swift */ = {isa = PBXFileReference; lastKnownFileType = sourcecode.swift; path = APIRequest.swift; sourceTree = "<group>"; };
		4EBFF41B2484E1960096FFCF /* ColorTheme.swift */ = {isa = PBXFileReference; lastKnownFileType = sourcecode.swift; path = ColorTheme.swift; sourceTree = "<group>"; };
		4EBFF41D248511A20096FFCF /* Banner.swift */ = {isa = PBXFileReference; lastKnownFileType = sourcecode.swift; path = Banner.swift; sourceTree = "<group>"; };
		4ECFB094247D0F8400727244 /* UIView.swift */ = {isa = PBXFileReference; lastKnownFileType = sourcecode.swift; path = UIView.swift; sourceTree = "<group>"; };
		4ECFB09B247D4AAA00727244 /* UIAlertController.swift */ = {isa = PBXFileReference; lastKnownFileType = sourcecode.swift; path = UIAlertController.swift; sourceTree = "<group>"; };
		4ECFB09E247D59AE00727244 /* APITableViewController.swift */ = {isa = PBXFileReference; lastKnownFileType = sourcecode.swift; path = APITableViewController.swift; sourceTree = "<group>"; };
		4EE67179249B7FDC001C7B22 /* PlaylistTableViewController.swift */ = {isa = PBXFileReference; lastKnownFileType = sourcecode.swift; path = PlaylistTableViewController.swift; sourceTree = "<group>"; };
		4EFC6E4B2476B49A009D6CF7 /* JSONAPIErrorExample.swift */ = {isa = PBXFileReference; lastKnownFileType = sourcecode.swift; path = JSONAPIErrorExample.swift; sourceTree = "<group>"; };
/* End PBXFileReference section */

/* Begin PBXFrameworksBuildPhase section */
		4E579573246AE3D20009D306 /* Frameworks */ = {
			isa = PBXFrameworksBuildPhase;
			buildActionMask = 2147483647;
			files = (
			);
			runOnlyForDeploymentPostprocessing = 0;
		};
		4E57957C246AE3D20009D306 /* Frameworks */ = {
			isa = PBXFrameworksBuildPhase;
			buildActionMask = 2147483647;
			files = (
				4E579580246AE3D20009D306 /* LimeAPIClient.framework in Frameworks */,
			);
			runOnlyForDeploymentPostprocessing = 0;
		};
		4E579591246AE6180009D306 /* Frameworks */ = {
			isa = PBXFrameworksBuildPhase;
			buildActionMask = 2147483647;
			files = (
				4E5B0C8A247BB80600DDE6BA /* LimeAPIClient.framework in Frameworks */,
			);
			runOnlyForDeploymentPostprocessing = 0;
		};
/* End PBXFrameworksBuildPhase section */

/* Begin PBXGroup section */
		4E560CCD2487BE30006A644A /* Models */ = {
			isa = PBXGroup;
			children = (
				4E9192702488D4FC00974C02 /* BannerExample.swift */,
				4E560CD02487E596006A644A /* BroadcastExample.swift */,
				4E560CCE2487C346006A644A /* ChannelExample.swift */,
				4EFC6E4B2476B49A009D6CF7 /* JSONAPIErrorExample.swift */,
				4E607C4C248E205900F9BEB7 /* JSONAPIErrorTests.swift */,
				4E91926E2488D23B00974C02 /* PingExample.swift */,
				4E560CCB2487BE0D006A644A /* SessionExample.swift */,
			);
			path = Models;
			sourceTree = "<group>";
		};
		4E56436024727C0600CDD18F /* Services */ = {
			isa = PBXGroup;
			children = (
				4E68A420246C27CF00D332BD /* HTTPClient.swift */,
				4E75B1C0246EB9870061E143 /* JSONParser.swift */,
			);
			path = Services;
			sourceTree = "<group>";
		};
		4E56436124727C2300CDD18F /* Models */ = {
			isa = PBXGroup;
			children = (
				4EBFF41D248511A20096FFCF /* Banner.swift */,
				4E5913CD247560CA009BAAA1 /* Broadcast.swift */,
				4E75B1C4246EBBE60061E143 /* Channel.swift */,
				4E835BEE2473EFE300C8DD96 /* JSONAPIError.swift */,
				4E75B1C2246EBADC0061E143 /* JSONAPIObject.swift */,
				4E835BEC2473D50700C8DD96 /* Ping.swift */,
				4E54C5F82477F8DF00AAF223 /* Session.swift */,
			);
			path = Models;
			sourceTree = "<group>";
		};
		4E56436224727C5A00CDD18F /* Support */ = {
			isa = PBXGroup;
			children = (
				4E75B1BA246E67150061E143 /* Device.swift */,
				4E6D91C7246D772D00BB7C69 /* EndPoint.swift */,
				4E6D91C9246D786800BB7C69 /* HTTP.swift */,
				4E5643692472D41900CDD18F /* RFC3339Date.swift */,
			);
			path = Support;
			sourceTree = "<group>";
		};
		4E57956C246AE3D20009D306 = {
			isa = PBXGroup;
			children = (
				4E579578246AE3D20009D306 /* LimeAPIClient */,
				4E579583246AE3D20009D306 /* LimeAPIClientTests */,
				4E579595246AE6180009D306 /* LimeAPIClientExamples */,
				4E579577246AE3D20009D306 /* Products */,
				4E68A422246C3CC700D332BD /* Frameworks */,
			);
			sourceTree = "<group>";
		};
		4E579577246AE3D20009D306 /* Products */ = {
			isa = PBXGroup;
			children = (
				4E579576246AE3D20009D306 /* LimeAPIClient.framework */,
				4E57957F246AE3D20009D306 /* LimeAPIClientTests.xctest */,
				4E579594246AE6180009D306 /* LimeAPIClientExamples.app */,
			);
			name = Products;
			sourceTree = "<group>";
		};
		4E579578246AE3D20009D306 /* LimeAPIClient */ = {
			isa = PBXGroup;
			children = (
				4E579579246AE3D20009D306 /* LimeAPIClient.h */,
				4E57957A246AE3D20009D306 /* Info.plist */,
				4E68A3FC246BDA6000D332BD /* LimeAPIClient.swift */,
				4E56436024727C0600CDD18F /* Services */,
				4E56436124727C2300CDD18F /* Models */,
				4E56436224727C5A00CDD18F /* Support */,
				4E6D91CD246D7DDA00BB7C69 /* Extensions */,
				4E75B1BC246E67AD0061E143 /* LACApp.swift */,
				4E54C5F62477E54500AAF223 /* LACConfiguration.swift */,
				4E5014E3247316AC00A8DA1F /* LACDateInterval.swift */,
				4E81FEE7249A52860061F7FB /* LACStream.swift */,
			);
			path = LimeAPIClient;
			sourceTree = "<group>";
		};
		4E579583246AE3D20009D306 /* LimeAPIClientTests */ = {
			isa = PBXGroup;
			children = (
				4E835E47248F99B50011E0E0 /* LimeAPIClientTests */,
				4E59F2DB247700B800F3456F /* LACAppTests.swift */,
				4E835E45248F72FB0011E0E0 /* LACConfigurationTests.swift */,
				4E8CD1CB24867F7300648E24 /* LACDateIntervalTests.swift */,
				4E835BF4247417AC00C8DD96 /* Services */,
				4E560CCD2487BE30006A644A /* Models */,
				4E5B0C95247C006200DDE6BA /* Support */,
				4E5B0C98247C07F000DDE6BA /* Extensions */,
				4E579586246AE3D20009D306 /* Info.plist */,
			);
			path = LimeAPIClientTests;
			sourceTree = "<group>";
		};
		4E579595246AE6180009D306 /* LimeAPIClientExamples */ = {
			isa = PBXGroup;
			children = (
				4E75B1BE246E77300061E143 /* LACSettings.swift */,
				4E579596246AE6180009D306 /* AppDelegate.swift */,
				4EBFF4192484DCD10096FFCF /* APIRequest.swift */,
				4EBFF41B2484E1960096FFCF /* ColorTheme.swift */,
				4EBFF4182484DC940096FFCF /* Controllers */,
				4E5CDDF2247E58D600F0F55F /* SubtitleCell.swift */,
				4E5CDDFC247EA74100F0F55F /* ParameterCell */,
				4ECFB09D247D4AD400727244 /* Extensions */,
				4E57959F246AE61C0009D306 /* Assets.xcassets */,
				4E5795A1246AE61C0009D306 /* LaunchScreen.storyboard */,
				4E57959C246AE6180009D306 /* Main.storyboard */,
				4E5795A4246AE61C0009D306 /* Info.plist */,
			);
			path = LimeAPIClientExamples;
			sourceTree = "<group>";
		};
		4E5B0C95247C006200DDE6BA /* Support */ = {
			isa = PBXGroup;
			children = (
				4E8CD1C324866C5200648E24 /* EndPointTests.swift */,
				4E8CD1BD24865EBF00648E24 /* HTTPTests.swift */,
				4E8CD1C924867BEA00648E24 /* RFC3339DateFormatterTests.swift */,
			);
			path = Support;
			sourceTree = "<group>";
		};
		4E5B0C98247C07F000DDE6BA /* Extensions */ = {
			isa = PBXGroup;
			children = (
				4E8CD1C7248679FB00648E24 /* DateTests.swift */,
				4E9192722488DC4C00974C02 /* DispatchQueueTests.swift */,
				4E8CD1C52486771C00648E24 /* IntTests.swift */,
				4E5A27E324A0CE3500128AD9 /* UIImage.swift */,
				4E560CC92487B3A8006A644A /* HTTPURLResponse.swift */,
				4E5B0C96247C07E400DDE6BA /* StringTests.swift */,
				4E8CD1CD248682D600648E24 /* TimeIntervalTests.swift */,
				4E8CD1CF2486843B00648E24 /* TimeZoneTests.swift */,
				4E8CD1C12486680C00648E24 /* URLTests.swift */,
				4E8CD1BF248661FA00648E24 /* URLRequestTests.swift */,
			);
			path = Extensions;
			sourceTree = "<group>";
		};
		4E5CDDFC247EA74100F0F55F /* ParameterCell */ = {
			isa = PBXGroup;
			children = (
				4E5CDDF8247E968100F0F55F /* ParameterCell.swift */,
				4E5CDDFA247E9C5900F0F55F /* ParameterCell.xib */,
			);
			path = ParameterCell;
			sourceTree = "<group>";
		};
		4E68A422246C3CC700D332BD /* Frameworks */ = {
			isa = PBXGroup;
			children = (
			);
			name = Frameworks;
			sourceTree = "<group>";
		};
		4E6D91CD246D7DDA00BB7C69 /* Extensions */ = {
			isa = PBXGroup;
			children = (
				4E6D91D2246D84A000BB7C69 /* Character.swift */,
				4E5643672472CB7D00CDD18F /* CharacterSet.swift */,
				4E56436B2472D4EA00CDD18F /* Date.swift */,
				4E5B0C91247BDB6500DDE6BA /* Dictionary.swift */,
				4E560CC7248795CC006A644A /* DispatchQueue.swift */,
				4E6D91C3246D111900BB7C69 /* HTTPURLResponse.swift */,
				4E56436F2472F32B00CDD18F /* Int.swift */,
				4E6D91D0246D846F00BB7C69 /* String.swift */,
				4E5014E5247319F400A8DA1F /* TimeInterval.swift */,
				4E56436D2472EF7D00CDD18F /* TimeZone.swift */,
				4E5B0C8F247BD81B00DDE6BA /* URL.swift */,
				4E5B0C8D247BC0B300DDE6BA /* URLComponents.swift */,
				4E6D91CE246D7E5200BB7C69 /* URLRequest.swift */,
			);
			path = Extensions;
			sourceTree = "<group>";
		};
		4E835BF4247417AC00C8DD96 /* Services */ = {
			isa = PBXGroup;
			children = (
				4E6D91C5246D162700BB7C69 /* HTTPClientTests.swift */,
				4E835BF22474179F00C8DD96 /* JSONParserTests.swift */,
			);
			path = Services;
			sourceTree = "<group>";
		};
		4E835E47248F99B50011E0E0 /* LimeAPIClientTests */ = {
			isa = PBXGroup;
			children = (
				4E579584246AE3D20009D306 /* LimeAPIClientTests.swift */,
				4E9192742488E66800974C02 /* LACBannersTests.swift */,
				4E835E48248F99EE0011E0E0 /* LACBroadcastsTests.swift */,
				4E9192762488E88300974C02 /* LACChannelsTests.swift */,
				4E5A27E524A0D5C900128AD9 /* LACImageTests.swift */,
				4E5A27E724A0D6D600128AD9 /* LACPlaylistTests.swift */,
			);
			path = LimeAPIClientTests;
			sourceTree = "<group>";
		};
		4EBFF4182484DC940096FFCF /* Controllers */ = {
			isa = PBXGroup;
			children = (
				4ECFB09E247D59AE00727244 /* APITableViewController.swift */,
				4E5CDDEC247E463E00F0F55F /* ResultTableViewController.swift */,
				4EE67179249B7FDC001C7B22 /* PlaylistTableViewController.swift */,
			);
			path = Controllers;
			sourceTree = "<group>";
		};
		4ECFB09D247D4AD400727244 /* Extensions */ = {
			isa = PBXGroup;
			children = (
				4E5CDDF6247E8A8200F0F55F /* Array.swift */,
				4E5CDDF4247E899600F0F55F /* Bool.swift */,
				4ECFB09B247D4AAA00727244 /* UIAlertController.swift */,
				4E91927A248927BD00974C02 /* UIApplication.swift */,
				4E81FEE5249A3A930061F7FB /* UIImage.swift */,
				4E5CDDF0247E4D0E00F0F55F /* UINavigationItem.swift */,
				4E5CDDEE247E4C6B00F0F55F /* UITableView.swift */,
				4ECFB094247D0F8400727244 /* UIView.swift */,
				4E5CDDFD247EA95100F0F55F /* UIViewController.swift */,
			);
			path = Extensions;
			sourceTree = "<group>";
		};
/* End PBXGroup section */

/* Begin PBXHeadersBuildPhase section */
		4E579571246AE3D20009D306 /* Headers */ = {
			isa = PBXHeadersBuildPhase;
			buildActionMask = 2147483647;
			files = (
				4E579587246AE3D20009D306 /* LimeAPIClient.h in Headers */,
			);
			runOnlyForDeploymentPostprocessing = 0;
		};
/* End PBXHeadersBuildPhase section */

/* Begin PBXNativeTarget section */
		4E579575246AE3D20009D306 /* LimeAPIClient */ = {
			isa = PBXNativeTarget;
			buildConfigurationList = 4E57958A246AE3D20009D306 /* Build configuration list for PBXNativeTarget "LimeAPIClient" */;
			buildPhases = (
				4E579571246AE3D20009D306 /* Headers */,
				4E579572246AE3D20009D306 /* Sources */,
				4E579573246AE3D20009D306 /* Frameworks */,
				4E579574246AE3D20009D306 /* Resources */,
			);
			buildRules = (
			);
			dependencies = (
			);
			name = LimeAPIClient;
			productName = LimeAPIClient;
			productReference = 4E579576246AE3D20009D306 /* LimeAPIClient.framework */;
			productType = "com.apple.product-type.framework";
		};
		4E57957E246AE3D20009D306 /* LimeAPIClientTests */ = {
			isa = PBXNativeTarget;
			buildConfigurationList = 4E57958D246AE3D20009D306 /* Build configuration list for PBXNativeTarget "LimeAPIClientTests" */;
			buildPhases = (
				4E57957B246AE3D20009D306 /* Sources */,
				4E57957C246AE3D20009D306 /* Frameworks */,
				4E57957D246AE3D20009D306 /* Resources */,
			);
			buildRules = (
			);
			dependencies = (
				4E579582246AE3D20009D306 /* PBXTargetDependency */,
			);
			name = LimeAPIClientTests;
			productName = LimeAPIClientTests;
			productReference = 4E57957F246AE3D20009D306 /* LimeAPIClientTests.xctest */;
			productType = "com.apple.product-type.bundle.unit-test";
		};
		4E579593246AE6180009D306 /* LimeAPIClientExamples */ = {
			isa = PBXNativeTarget;
			buildConfigurationList = 4E5795A5246AE61C0009D306 /* Build configuration list for PBXNativeTarget "LimeAPIClientExamples" */;
			buildPhases = (
				4E579590246AE6180009D306 /* Sources */,
				4E579591246AE6180009D306 /* Frameworks */,
				4E579592246AE6180009D306 /* Resources */,
				4E5B0C8C247BB80600DDE6BA /* Embed Frameworks */,
			);
			buildRules = (
			);
			dependencies = (
			);
			name = LimeAPIClientExamples;
			productName = LimeAPIClientExamples;
			productReference = 4E579594246AE6180009D306 /* LimeAPIClientExamples.app */;
			productType = "com.apple.product-type.application";
		};
/* End PBXNativeTarget section */

/* Begin PBXProject section */
		4E57956D246AE3D20009D306 /* Project object */ = {
			isa = PBXProject;
			attributes = {
				LastSwiftUpdateCheck = 1130;
				LastUpgradeCheck = 1150;
				ORGANIZATIONNAME = "Лайм HD";
				TargetAttributes = {
					4E579575246AE3D20009D306 = {
						CreatedOnToolsVersion = 11.3.1;
						LastSwiftMigration = 1130;
					};
					4E57957E246AE3D20009D306 = {
						CreatedOnToolsVersion = 11.3.1;
					};
					4E579593246AE6180009D306 = {
						CreatedOnToolsVersion = 11.3.1;
					};
				};
			};
			buildConfigurationList = 4E579570246AE3D20009D306 /* Build configuration list for PBXProject "LimeAPIClient" */;
			compatibilityVersion = "Xcode 9.3";
			developmentRegion = en;
			hasScannedForEncodings = 0;
			knownRegions = (
				en,
				Base,
			);
			mainGroup = 4E57956C246AE3D20009D306;
			productRefGroup = 4E579577246AE3D20009D306 /* Products */;
			projectDirPath = "";
			projectRoot = "";
			targets = (
				4E579575246AE3D20009D306 /* LimeAPIClient */,
				4E57957E246AE3D20009D306 /* LimeAPIClientTests */,
				4E579593246AE6180009D306 /* LimeAPIClientExamples */,
			);
		};
/* End PBXProject section */

/* Begin PBXResourcesBuildPhase section */
		4E579574246AE3D20009D306 /* Resources */ = {
			isa = PBXResourcesBuildPhase;
			buildActionMask = 2147483647;
			files = (
			);
			runOnlyForDeploymentPostprocessing = 0;
		};
		4E57957D246AE3D20009D306 /* Resources */ = {
			isa = PBXResourcesBuildPhase;
			buildActionMask = 2147483647;
			files = (
			);
			runOnlyForDeploymentPostprocessing = 0;
		};
		4E579592246AE6180009D306 /* Resources */ = {
			isa = PBXResourcesBuildPhase;
			buildActionMask = 2147483647;
			files = (
				4E5795A3246AE61C0009D306 /* LaunchScreen.storyboard in Resources */,
				4E5795A0246AE61C0009D306 /* Assets.xcassets in Resources */,
				4E57959E246AE6180009D306 /* Main.storyboard in Resources */,
				4E5CDDFB247E9C5900F0F55F /* ParameterCell.xib in Resources */,
			);
			runOnlyForDeploymentPostprocessing = 0;
		};
/* End PBXResourcesBuildPhase section */

/* Begin PBXSourcesBuildPhase section */
		4E579572246AE3D20009D306 /* Sources */ = {
			isa = PBXSourcesBuildPhase;
			buildActionMask = 2147483647;
			files = (
				4E81FEE8249A52860061F7FB /* LACStream.swift in Sources */,
				4E56436E2472EF7D00CDD18F /* TimeZone.swift in Sources */,
				4E68A421246C27CF00D332BD /* HTTPClient.swift in Sources */,
				4E5643702472F32B00CDD18F /* Int.swift in Sources */,
				4E5B0C90247BD81B00DDE6BA /* URL.swift in Sources */,
				4E835BEF2473EFE300C8DD96 /* JSONAPIError.swift in Sources */,
				4E6D91CF246D7E5200BB7C69 /* URLRequest.swift in Sources */,
				4E68A3FD246BDA6000D332BD /* LimeAPIClient.swift in Sources */,
				4E75B1C5246EBBE60061E143 /* Channel.swift in Sources */,
				4E54C5F72477E54500AAF223 /* LACConfiguration.swift in Sources */,
				4E5014E6247319F400A8DA1F /* TimeInterval.swift in Sources */,
				4E75B1C1246EB9870061E143 /* JSONParser.swift in Sources */,
				4E5643682472CB7D00CDD18F /* CharacterSet.swift in Sources */,
				4E56436C2472D4EA00CDD18F /* Date.swift in Sources */,
				4E75B1BD246E67AD0061E143 /* LACApp.swift in Sources */,
				4E75B1C3246EBADC0061E143 /* JSONAPIObject.swift in Sources */,
				4E75B1BB246E67150061E143 /* Device.swift in Sources */,
				4E6D91C8246D772D00BB7C69 /* EndPoint.swift in Sources */,
				4E835BED2473D50700C8DD96 /* Ping.swift in Sources */,
				4E5B0C8E247BC0B300DDE6BA /* URLComponents.swift in Sources */,
				4E5B0C92247BDB6500DDE6BA /* Dictionary.swift in Sources */,
				4E6D91D1246D846F00BB7C69 /* String.swift in Sources */,
				4E6D91CA246D786800BB7C69 /* HTTP.swift in Sources */,
				4EBFF41E248511A20096FFCF /* Banner.swift in Sources */,
				4E560CC8248795CC006A644A /* DispatchQueue.swift in Sources */,
				4E54C5F92477F8DF00AAF223 /* Session.swift in Sources */,
				4E56436A2472D41900CDD18F /* RFC3339Date.swift in Sources */,
				4E6D91C4246D111900BB7C69 /* HTTPURLResponse.swift in Sources */,
				4E5913CE247560CA009BAAA1 /* Broadcast.swift in Sources */,
				4E6D91D3246D84A000BB7C69 /* Character.swift in Sources */,
				4E5014E4247316AC00A8DA1F /* LACDateInterval.swift in Sources */,
			);
			runOnlyForDeploymentPostprocessing = 0;
		};
		4E57957B246AE3D20009D306 /* Sources */ = {
			isa = PBXSourcesBuildPhase;
			buildActionMask = 2147483647;
			files = (
				4E8CD1D02486843B00648E24 /* TimeZoneTests.swift in Sources */,
				4E835BF32474179F00C8DD96 /* JSONParserTests.swift in Sources */,
				4E8CD1C424866C5200648E24 /* EndPointTests.swift in Sources */,
				4E8CD1CC24867F7300648E24 /* LACDateIntervalTests.swift in Sources */,
				4E835E46248F72FB0011E0E0 /* LACConfigurationTests.swift in Sources */,
				4E9192712488D4FC00974C02 /* BannerExample.swift in Sources */,
				4E8CD1C62486771C00648E24 /* IntTests.swift in Sources */,
				4E91926F2488D23B00974C02 /* PingExample.swift in Sources */,
				4E560CCC2487BE0D006A644A /* SessionExample.swift in Sources */,
				4E560CD12487E596006A644A /* BroadcastExample.swift in Sources */,
				4E5B0C97247C07E400DDE6BA /* StringTests.swift in Sources */,
				4E9192732488DC4C00974C02 /* DispatchQueueTests.swift in Sources */,
				4E6D91C6246D162700BB7C69 /* HTTPClientTests.swift in Sources */,
				4E835E49248F99EE0011E0E0 /* LACBroadcastsTests.swift in Sources */,
				4EFC6E4C2476B49A009D6CF7 /* JSONAPIErrorExample.swift in Sources */,
				4E8CD1BE24865EBF00648E24 /* HTTPTests.swift in Sources */,
				4E8CD1CE248682D600648E24 /* TimeIntervalTests.swift in Sources */,
				4E560CCF2487C346006A644A /* ChannelExample.swift in Sources */,
				4E579585246AE3D20009D306 /* LimeAPIClientTests.swift in Sources */,
				4E5A27E424A0CE3500128AD9 /* UIImage.swift in Sources */,
				4E9192772488E88300974C02 /* LACChannelsTests.swift in Sources */,
				4E8CD1C22486680C00648E24 /* URLTests.swift in Sources */,
				4E8CD1CA24867BEA00648E24 /* RFC3339DateFormatterTests.swift in Sources */,
				4E560CCA2487B3A8006A644A /* HTTPURLResponse.swift in Sources */,
				4E8CD1C8248679FB00648E24 /* DateTests.swift in Sources */,
				4E59F2DC247700B800F3456F /* LACAppTests.swift in Sources */,
				4E5A27E824A0D6D600128AD9 /* LACPlaylistTests.swift in Sources */,
				4E5A27E624A0D5C900128AD9 /* LACImageTests.swift in Sources */,
				4E607C4D248E205900F9BEB7 /* JSONAPIErrorTests.swift in Sources */,
				4E8CD1C0248661FA00648E24 /* URLRequestTests.swift in Sources */,
				4E9192752488E66800974C02 /* LACBannersTests.swift in Sources */,
			);
			runOnlyForDeploymentPostprocessing = 0;
		};
		4E579590246AE6180009D306 /* Sources */ = {
			isa = PBXSourcesBuildPhase;
			buildActionMask = 2147483647;
			files = (
				4E91927B248927BD00974C02 /* UIApplication.swift in Sources */,
				4EE6717A249B7FDC001C7B22 /* PlaylistTableViewController.swift in Sources */,
				4ECFB095247D0F8400727244 /* UIView.swift in Sources */,
				4E75B1BF246E77300061E143 /* LACSettings.swift in Sources */,
				4E5CDDED247E463E00F0F55F /* ResultTableViewController.swift in Sources */,
				4E5CDDF5247E899600F0F55F /* Bool.swift in Sources */,
				4E5CDDF3247E58D600F0F55F /* SubtitleCell.swift in Sources */,
				4E81FEE6249A3A930061F7FB /* UIImage.swift in Sources */,
				4E579597246AE6180009D306 /* AppDelegate.swift in Sources */,
				4EBFF41C2484E1960096FFCF /* ColorTheme.swift in Sources */,
				4E5CDDF7247E8A8200F0F55F /* Array.swift in Sources */,
				4E5CDDFE247EA95100F0F55F /* UIViewController.swift in Sources */,
				4EBFF41A2484DCD10096FFCF /* APIRequest.swift in Sources */,
				4E5CDDF9247E968100F0F55F /* ParameterCell.swift in Sources */,
				4ECFB09F247D59AE00727244 /* APITableViewController.swift in Sources */,
				4ECFB09C247D4AAA00727244 /* UIAlertController.swift in Sources */,
				4E5CDDF1247E4D0E00F0F55F /* UINavigationItem.swift in Sources */,
				4E5CDDEF247E4C6B00F0F55F /* UITableView.swift in Sources */,
			);
			runOnlyForDeploymentPostprocessing = 0;
		};
/* End PBXSourcesBuildPhase section */

/* Begin PBXTargetDependency section */
		4E579582246AE3D20009D306 /* PBXTargetDependency */ = {
			isa = PBXTargetDependency;
			target = 4E579575246AE3D20009D306 /* LimeAPIClient */;
			targetProxy = 4E579581246AE3D20009D306 /* PBXContainerItemProxy */;
		};
/* End PBXTargetDependency section */

/* Begin PBXVariantGroup section */
		4E57959C246AE6180009D306 /* Main.storyboard */ = {
			isa = PBXVariantGroup;
			children = (
				4E57959D246AE6180009D306 /* Base */,
			);
			name = Main.storyboard;
			sourceTree = "<group>";
		};
		4E5795A1246AE61C0009D306 /* LaunchScreen.storyboard */ = {
			isa = PBXVariantGroup;
			children = (
				4E5795A2246AE61C0009D306 /* Base */,
			);
			name = LaunchScreen.storyboard;
			sourceTree = "<group>";
		};
/* End PBXVariantGroup section */

/* Begin XCBuildConfiguration section */
		4E579588246AE3D20009D306 /* Debug */ = {
			isa = XCBuildConfiguration;
			buildSettings = {
				ALWAYS_SEARCH_USER_PATHS = NO;
				CLANG_ANALYZER_NONNULL = YES;
				CLANG_ANALYZER_NUMBER_OBJECT_CONVERSION = YES_AGGRESSIVE;
				CLANG_CXX_LANGUAGE_STANDARD = "gnu++14";
				CLANG_CXX_LIBRARY = "libc++";
				CLANG_ENABLE_MODULES = YES;
				CLANG_ENABLE_OBJC_ARC = YES;
				CLANG_ENABLE_OBJC_WEAK = YES;
				CLANG_WARN_BLOCK_CAPTURE_AUTORELEASING = YES;
				CLANG_WARN_BOOL_CONVERSION = YES;
				CLANG_WARN_COMMA = YES;
				CLANG_WARN_CONSTANT_CONVERSION = YES;
				CLANG_WARN_DEPRECATED_OBJC_IMPLEMENTATIONS = YES;
				CLANG_WARN_DIRECT_OBJC_ISA_USAGE = YES_ERROR;
				CLANG_WARN_DOCUMENTATION_COMMENTS = YES;
				CLANG_WARN_EMPTY_BODY = YES;
				CLANG_WARN_ENUM_CONVERSION = YES;
				CLANG_WARN_INFINITE_RECURSION = YES;
				CLANG_WARN_INT_CONVERSION = YES;
				CLANG_WARN_NON_LITERAL_NULL_CONVERSION = YES;
				CLANG_WARN_OBJC_IMPLICIT_RETAIN_SELF = YES;
				CLANG_WARN_OBJC_LITERAL_CONVERSION = YES;
				CLANG_WARN_OBJC_ROOT_CLASS = YES_ERROR;
				CLANG_WARN_RANGE_LOOP_ANALYSIS = YES;
				CLANG_WARN_STRICT_PROTOTYPES = YES;
				CLANG_WARN_SUSPICIOUS_MOVE = YES;
				CLANG_WARN_UNGUARDED_AVAILABILITY = YES_AGGRESSIVE;
				CLANG_WARN_UNREACHABLE_CODE = YES;
				CLANG_WARN__DUPLICATE_METHOD_MATCH = YES;
				COPY_PHASE_STRIP = NO;
				CURRENT_PROJECT_VERSION = 1;
				DEBUG_INFORMATION_FORMAT = dwarf;
				ENABLE_STRICT_OBJC_MSGSEND = YES;
				ENABLE_TESTABILITY = YES;
				GCC_C_LANGUAGE_STANDARD = gnu11;
				GCC_DYNAMIC_NO_PIC = NO;
				GCC_NO_COMMON_BLOCKS = YES;
				GCC_OPTIMIZATION_LEVEL = 0;
				GCC_PREPROCESSOR_DEFINITIONS = (
					"DEBUG=1",
					"$(inherited)",
				);
				GCC_WARN_64_TO_32_BIT_CONVERSION = YES;
				GCC_WARN_ABOUT_RETURN_TYPE = YES_ERROR;
				GCC_WARN_UNDECLARED_SELECTOR = YES;
				GCC_WARN_UNINITIALIZED_AUTOS = YES_AGGRESSIVE;
				GCC_WARN_UNUSED_FUNCTION = YES;
				GCC_WARN_UNUSED_VARIABLE = YES;
				IPHONEOS_DEPLOYMENT_TARGET = 9.0;
				MTL_ENABLE_DEBUG_INFO = INCLUDE_SOURCE;
				MTL_FAST_MATH = YES;
				ONLY_ACTIVE_ARCH = YES;
				SDKROOT = iphoneos;
				SWIFT_ACTIVE_COMPILATION_CONDITIONS = DEBUG;
				SWIFT_OPTIMIZATION_LEVEL = "-Onone";
				VERSIONING_SYSTEM = "apple-generic";
				VERSION_INFO_PREFIX = "";
			};
			name = Debug;
		};
		4E579589246AE3D20009D306 /* Release */ = {
			isa = XCBuildConfiguration;
			buildSettings = {
				ALWAYS_SEARCH_USER_PATHS = NO;
				CLANG_ANALYZER_NONNULL = YES;
				CLANG_ANALYZER_NUMBER_OBJECT_CONVERSION = YES_AGGRESSIVE;
				CLANG_CXX_LANGUAGE_STANDARD = "gnu++14";
				CLANG_CXX_LIBRARY = "libc++";
				CLANG_ENABLE_MODULES = YES;
				CLANG_ENABLE_OBJC_ARC = YES;
				CLANG_ENABLE_OBJC_WEAK = YES;
				CLANG_WARN_BLOCK_CAPTURE_AUTORELEASING = YES;
				CLANG_WARN_BOOL_CONVERSION = YES;
				CLANG_WARN_COMMA = YES;
				CLANG_WARN_CONSTANT_CONVERSION = YES;
				CLANG_WARN_DEPRECATED_OBJC_IMPLEMENTATIONS = YES;
				CLANG_WARN_DIRECT_OBJC_ISA_USAGE = YES_ERROR;
				CLANG_WARN_DOCUMENTATION_COMMENTS = YES;
				CLANG_WARN_EMPTY_BODY = YES;
				CLANG_WARN_ENUM_CONVERSION = YES;
				CLANG_WARN_INFINITE_RECURSION = YES;
				CLANG_WARN_INT_CONVERSION = YES;
				CLANG_WARN_NON_LITERAL_NULL_CONVERSION = YES;
				CLANG_WARN_OBJC_IMPLICIT_RETAIN_SELF = YES;
				CLANG_WARN_OBJC_LITERAL_CONVERSION = YES;
				CLANG_WARN_OBJC_ROOT_CLASS = YES_ERROR;
				CLANG_WARN_RANGE_LOOP_ANALYSIS = YES;
				CLANG_WARN_STRICT_PROTOTYPES = YES;
				CLANG_WARN_SUSPICIOUS_MOVE = YES;
				CLANG_WARN_UNGUARDED_AVAILABILITY = YES_AGGRESSIVE;
				CLANG_WARN_UNREACHABLE_CODE = YES;
				CLANG_WARN__DUPLICATE_METHOD_MATCH = YES;
				COPY_PHASE_STRIP = NO;
				CURRENT_PROJECT_VERSION = 1;
				DEBUG_INFORMATION_FORMAT = "dwarf-with-dsym";
				ENABLE_NS_ASSERTIONS = NO;
				ENABLE_STRICT_OBJC_MSGSEND = YES;
				GCC_C_LANGUAGE_STANDARD = gnu11;
				GCC_NO_COMMON_BLOCKS = YES;
				GCC_WARN_64_TO_32_BIT_CONVERSION = YES;
				GCC_WARN_ABOUT_RETURN_TYPE = YES_ERROR;
				GCC_WARN_UNDECLARED_SELECTOR = YES;
				GCC_WARN_UNINITIALIZED_AUTOS = YES_AGGRESSIVE;
				GCC_WARN_UNUSED_FUNCTION = YES;
				GCC_WARN_UNUSED_VARIABLE = YES;
				IPHONEOS_DEPLOYMENT_TARGET = 9.0;
				MTL_ENABLE_DEBUG_INFO = NO;
				MTL_FAST_MATH = YES;
				SDKROOT = iphoneos;
				SWIFT_COMPILATION_MODE = wholemodule;
				SWIFT_OPTIMIZATION_LEVEL = "-O";
				VALIDATE_PRODUCT = YES;
				VERSIONING_SYSTEM = "apple-generic";
				VERSION_INFO_PREFIX = "";
			};
			name = Release;
		};
		4E57958B246AE3D20009D306 /* Debug */ = {
			isa = XCBuildConfiguration;
			buildSettings = {
				CLANG_ENABLE_MODULES = YES;
				CODE_SIGN_STYLE = Automatic;
				DEFINES_MODULE = YES;
				DEVELOPMENT_TEAM = QT3ZGLM5E7;
				DYLIB_COMPATIBILITY_VERSION = 1;
				DYLIB_CURRENT_VERSION = 1;
				DYLIB_INSTALL_NAME_BASE = "@rpath";
				INFOPLIST_FILE = LimeAPIClient/Info.plist;
				INSTALL_PATH = "$(LOCAL_LIBRARY_DIR)/Frameworks";
				IPHONEOS_DEPLOYMENT_TARGET = 9.0;
				LD_RUNPATH_SEARCH_PATHS = (
					"$(inherited)",
					"@executable_path/Frameworks",
					"@loader_path/Frameworks",
				);
				MARKETING_VERSION = 1.0.0;
				PRODUCT_BUNDLE_IDENTIFIER = tv.limehd.LimeAPIClient;
				PRODUCT_NAME = "$(TARGET_NAME:c99extidentifier)";
				SKIP_INSTALL = YES;
				SWIFT_OPTIMIZATION_LEVEL = "-Onone";
				SWIFT_VERSION = 5.0;
				TARGETED_DEVICE_FAMILY = "1,2";
			};
			name = Debug;
		};
		4E57958C246AE3D20009D306 /* Release */ = {
			isa = XCBuildConfiguration;
			buildSettings = {
				CLANG_ENABLE_MODULES = YES;
				CODE_SIGN_STYLE = Automatic;
				DEFINES_MODULE = YES;
				DEVELOPMENT_TEAM = QT3ZGLM5E7;
				DYLIB_COMPATIBILITY_VERSION = 1;
				DYLIB_CURRENT_VERSION = 1;
				DYLIB_INSTALL_NAME_BASE = "@rpath";
				INFOPLIST_FILE = LimeAPIClient/Info.plist;
				INSTALL_PATH = "$(LOCAL_LIBRARY_DIR)/Frameworks";
				IPHONEOS_DEPLOYMENT_TARGET = 9.0;
				LD_RUNPATH_SEARCH_PATHS = (
					"$(inherited)",
					"@executable_path/Frameworks",
					"@loader_path/Frameworks",
				);
				MARKETING_VERSION = 1.0.0;
				PRODUCT_BUNDLE_IDENTIFIER = tv.limehd.LimeAPIClient;
				PRODUCT_NAME = "$(TARGET_NAME:c99extidentifier)";
				SKIP_INSTALL = YES;
				SWIFT_VERSION = 5.0;
				TARGETED_DEVICE_FAMILY = "1,2";
			};
			name = Release;
		};
		4E57958E246AE3D20009D306 /* Debug */ = {
			isa = XCBuildConfiguration;
			buildSettings = {
				ALWAYS_EMBED_SWIFT_STANDARD_LIBRARIES = YES;
				CODE_SIGN_STYLE = Automatic;
				DEVELOPMENT_TEAM = QT3ZGLM5E7;
				INFOPLIST_FILE = LimeAPIClientTests/Info.plist;
				LD_RUNPATH_SEARCH_PATHS = (
					"$(inherited)",
					"@executable_path/Frameworks",
					"@loader_path/Frameworks",
				);
				PRODUCT_BUNDLE_IDENTIFIER = tv.limehd.LimeAPIClientTests;
				PRODUCT_NAME = "$(TARGET_NAME)";
				SWIFT_VERSION = 5.0;
				TARGETED_DEVICE_FAMILY = "1,2";
			};
			name = Debug;
		};
		4E57958F246AE3D20009D306 /* Release */ = {
			isa = XCBuildConfiguration;
			buildSettings = {
				ALWAYS_EMBED_SWIFT_STANDARD_LIBRARIES = YES;
				CODE_SIGN_STYLE = Automatic;
				DEVELOPMENT_TEAM = QT3ZGLM5E7;
				INFOPLIST_FILE = LimeAPIClientTests/Info.plist;
				LD_RUNPATH_SEARCH_PATHS = (
					"$(inherited)",
					"@executable_path/Frameworks",
					"@loader_path/Frameworks",
				);
				PRODUCT_BUNDLE_IDENTIFIER = tv.limehd.LimeAPIClientTests;
				PRODUCT_NAME = "$(TARGET_NAME)";
				SWIFT_VERSION = 5.0;
				TARGETED_DEVICE_FAMILY = "1,2";
			};
			name = Release;
		};
		4E5795A6246AE61C0009D306 /* Debug */ = {
			isa = XCBuildConfiguration;
			buildSettings = {
				ASSETCATALOG_COMPILER_APPICON_NAME = AppIcon;
				CODE_SIGN_STYLE = Automatic;
				DEVELOPMENT_TEAM = QT3ZGLM5E7;
				INFOPLIST_FILE = LimeAPIClientExamples/Info.plist;
				IPHONEOS_DEPLOYMENT_TARGET = 9.0;
				LD_RUNPATH_SEARCH_PATHS = (
					"$(inherited)",
					"@executable_path/Frameworks",
				);
				MARKETING_VERSION = 1.0.0;
				PRODUCT_BUNDLE_IDENTIFIER = tv.limehd.limeapiclientexamples.ios;
				PRODUCT_NAME = "$(TARGET_NAME)";
				SWIFT_VERSION = 5.0;
				TARGETED_DEVICE_FAMILY = "1,2";
			};
			name = Debug;
		};
		4E5795A7246AE61C0009D306 /* Release */ = {
			isa = XCBuildConfiguration;
			buildSettings = {
				ASSETCATALOG_COMPILER_APPICON_NAME = AppIcon;
				CODE_SIGN_STYLE = Automatic;
				DEVELOPMENT_TEAM = QT3ZGLM5E7;
				INFOPLIST_FILE = LimeAPIClientExamples/Info.plist;
				IPHONEOS_DEPLOYMENT_TARGET = 9.0;
				LD_RUNPATH_SEARCH_PATHS = (
					"$(inherited)",
					"@executable_path/Frameworks",
				);
				MARKETING_VERSION = 1.0.0;
				PRODUCT_BUNDLE_IDENTIFIER = tv.limehd.limeapiclientexamples.ios;
				PRODUCT_NAME = "$(TARGET_NAME)";
				SWIFT_VERSION = 5.0;
				TARGETED_DEVICE_FAMILY = "1,2";
			};
			name = Release;
		};
/* End XCBuildConfiguration section */

/* Begin XCConfigurationList section */
		4E579570246AE3D20009D306 /* Build configuration list for PBXProject "LimeAPIClient" */ = {
			isa = XCConfigurationList;
			buildConfigurations = (
				4E579588246AE3D20009D306 /* Debug */,
				4E579589246AE3D20009D306 /* Release */,
			);
			defaultConfigurationIsVisible = 0;
			defaultConfigurationName = Release;
		};
		4E57958A246AE3D20009D306 /* Build configuration list for PBXNativeTarget "LimeAPIClient" */ = {
			isa = XCConfigurationList;
			buildConfigurations = (
				4E57958B246AE3D20009D306 /* Debug */,
				4E57958C246AE3D20009D306 /* Release */,
			);
			defaultConfigurationIsVisible = 0;
			defaultConfigurationName = Release;
		};
		4E57958D246AE3D20009D306 /* Build configuration list for PBXNativeTarget "LimeAPIClientTests" */ = {
			isa = XCConfigurationList;
			buildConfigurations = (
				4E57958E246AE3D20009D306 /* Debug */,
				4E57958F246AE3D20009D306 /* Release */,
			);
			defaultConfigurationIsVisible = 0;
			defaultConfigurationName = Release;
		};
		4E5795A5246AE61C0009D306 /* Build configuration list for PBXNativeTarget "LimeAPIClientExamples" */ = {
			isa = XCConfigurationList;
			buildConfigurations = (
				4E5795A6246AE61C0009D306 /* Debug */,
				4E5795A7246AE61C0009D306 /* Release */,
			);
			defaultConfigurationIsVisible = 0;
			defaultConfigurationName = Release;
		};
/* End XCConfigurationList section */
	};
	rootObject = 4E57956D246AE3D20009D306 /* Project object */;
}
